// !$*UTF8*$!
{
	archiveVersion = 1;
	classes = {
	};
	objectVersion = 55;
	objects = {

/* Begin PBXBuildFile section */
		3B0386AD2898989F00178FB8 /* UILabelExtension.swift in Sources */ = {isa = PBXBuildFile; fileRef = 3B0386AC2898989F00178FB8 /* UILabelExtension.swift */; };
		3B6D0BC82895884100B70804 /* DetailsViewController.swift in Sources */ = {isa = PBXBuildFile; fileRef = 3B6D0BC72895884100B70804 /* DetailsViewController.swift */; };
		3BB50AA62894524800C69D4F /* AppDelegate.swift in Sources */ = {isa = PBXBuildFile; fileRef = 3BB50AA52894524800C69D4F /* AppDelegate.swift */; };
		3BB50AA82894524800C69D4F /* SceneDelegate.swift in Sources */ = {isa = PBXBuildFile; fileRef = 3BB50AA72894524800C69D4F /* SceneDelegate.swift */; };
		3BB50AAF2894524B00C69D4F /* Assets.xcassets in Resources */ = {isa = PBXBuildFile; fileRef = 3BB50AAE2894524B00C69D4F /* Assets.xcassets */; };
		3BB50AB22894524B00C69D4F /* LaunchScreen.storyboard in Resources */ = {isa = PBXBuildFile; fileRef = 3BB50AB02894524B00C69D4F /* LaunchScreen.storyboard */; };
		3BB50ABB289455A300C69D4F /* CoinsViewController.swift in Sources */ = {isa = PBXBuildFile; fileRef = 3BB50ABA289455A300C69D4F /* CoinsViewController.swift */; };
		3BD7915A289458DB00E1B8FD /* Coin.swift in Sources */ = {isa = PBXBuildFile; fileRef = 3BD79159289458DB00E1B8FD /* Coin.swift */; };
		3BD7915D28945A7100E1B8FD /* WebServlce.swift in Sources */ = {isa = PBXBuildFile; fileRef = 3BD7915C28945A7100E1B8FD /* WebServlce.swift */; };
		3BD791612894667C00E1B8FD /* UIViewExtension.swift in Sources */ = {isa = PBXBuildFile; fileRef = 3BD791602894667C00E1B8FD /* UIViewExtension.swift */; };
		3BD79163289486EE00E1B8FD /* CoinTableViewCell.swift in Sources */ = {isa = PBXBuildFile; fileRef = 3BD79162289486EE00E1B8FD /* CoinTableViewCell.swift */; };
		3BD79165289492E700E1B8FD /* NetworkError.swift in Sources */ = {isa = PBXBuildFile; fileRef = 3BD79164289492E700E1B8FD /* NetworkError.swift */; };
/* End PBXBuildFile section */

/* Begin PBXFileReference section */
		3B0386AC2898989F00178FB8 /* UILabelExtension.swift */ = {isa = PBXFileReference; lastKnownFileType = sourcecode.swift; path = UILabelExtension.swift; sourceTree = "<group>"; };
		3B6D0BC72895884100B70804 /* DetailsViewController.swift */ = {isa = PBXFileReference; lastKnownFileType = sourcecode.swift; path = DetailsViewController.swift; sourceTree = "<group>"; };
		3BB50AA22894524800C69D4F /* CoinGecko_REST_API.app */ = {isa = PBXFileReference; explicitFileType = wrapper.application; includeInIndex = 0; path = CoinGecko_REST_API.app; sourceTree = BUILT_PRODUCTS_DIR; };
		3BB50AA52894524800C69D4F /* AppDelegate.swift */ = {isa = PBXFileReference; lastKnownFileType = sourcecode.swift; path = AppDelegate.swift; sourceTree = "<group>"; };
		3BB50AA72894524800C69D4F /* SceneDelegate.swift */ = {isa = PBXFileReference; lastKnownFileType = sourcecode.swift; path = SceneDelegate.swift; sourceTree = "<group>"; };
		3BB50AAE2894524B00C69D4F /* Assets.xcassets */ = {isa = PBXFileReference; lastKnownFileType = folder.assetcatalog; path = Assets.xcassets; sourceTree = "<group>"; };
		3BB50AB12894524B00C69D4F /* Base */ = {isa = PBXFileReference; lastKnownFileType = file.storyboard; name = Base; path = Base.lproj/LaunchScreen.storyboard; sourceTree = "<group>"; };
		3BB50AB32894524B00C69D4F /* Info.plist */ = {isa = PBXFileReference; lastKnownFileType = text.plist.xml; path = Info.plist; sourceTree = "<group>"; };
		3BB50ABA289455A300C69D4F /* CoinsViewController.swift */ = {isa = PBXFileReference; lastKnownFileType = sourcecode.swift; path = CoinsViewController.swift; sourceTree = "<group>"; };
		3BD79159289458DB00E1B8FD /* Coin.swift */ = {isa = PBXFileReference; lastKnownFileType = sourcecode.swift; path = Coin.swift; sourceTree = "<group>"; };
		3BD7915C28945A7100E1B8FD /* WebServlce.swift */ = {isa = PBXFileReference; lastKnownFileType = sourcecode.swift; path = WebServlce.swift; sourceTree = "<group>"; };
		3BD791602894667C00E1B8FD /* UIViewExtension.swift */ = {isa = PBXFileReference; lastKnownFileType = sourcecode.swift; path = UIViewExtension.swift; sourceTree = "<group>"; };
		3BD79162289486EE00E1B8FD /* CoinTableViewCell.swift */ = {isa = PBXFileReference; lastKnownFileType = sourcecode.swift; path = CoinTableViewCell.swift; sourceTree = "<group>"; };
		3BD79164289492E700E1B8FD /* NetworkError.swift */ = {isa = PBXFileReference; lastKnownFileType = sourcecode.swift; path = NetworkError.swift; sourceTree = "<group>"; };
/* End PBXFileReference section */

/* Begin PBXFrameworksBuildPhase section */
		3BB50A9F2894524800C69D4F /* Frameworks */ = {
			isa = PBXFrameworksBuildPhase;
			buildActionMask = 2147483647;
			files = (
			);
			runOnlyForDeploymentPostprocessing = 0;
		};
/* End PBXFrameworksBuildPhase section */

/* Begin PBXGroup section */
		3BB50A992894524800C69D4F = {
			isa = PBXGroup;
			children = (
				3BB50AA42894524800C69D4F /* CoinGecko_REST_API */,
				3BB50AA32894524800C69D4F /* Products */,
			);
			sourceTree = "<group>";
		};
		3BB50AA32894524800C69D4F /* Products */ = {
			isa = PBXGroup;
			children = (
				3BB50AA22894524800C69D4F /* CoinGecko_REST_API.app */,
			);
			name = Products;
			sourceTree = "<group>";
		};
		3BB50AA42894524800C69D4F /* CoinGecko_REST_API */ = {
			isa = PBXGroup;
			children = (
				3BD791572894588400E1B8FD /* Models */,
				3BD791582894588E00E1B8FD /* Controllers */,
				3BD7915B28945A3E00E1B8FD /* WebServices */,
				3BD7915E28945AE000E1B8FD /* Extensions */,
				3BB50AB9289454D800C69D4F /* Resources */,
			);
			path = CoinGecko_REST_API;
			sourceTree = "<group>";
		};
		3BB50AB9289454D800C69D4F /* Resources */ = {
			isa = PBXGroup;
			children = (
				3BB50AA52894524800C69D4F /* AppDelegate.swift */,
				3BB50AA72894524800C69D4F /* SceneDelegate.swift */,
				3BB50AB02894524B00C69D4F /* LaunchScreen.storyboard */,
				3BB50AAE2894524B00C69D4F /* Assets.xcassets */,
				3BB50AB32894524B00C69D4F /* Info.plist */,
			);
			path = Resources;
			sourceTree = "<group>";
		};
		3BD791572894588400E1B8FD /* Models */ = {
			isa = PBXGroup;
			children = (
				3BD79159289458DB00E1B8FD /* Coin.swift */,
			);
			path = Models;
			sourceTree = "<group>";
		};
		3BD791582894588E00E1B8FD /* Controllers */ = {
			isa = PBXGroup;
			children = (
				3BB50ABA289455A300C69D4F /* CoinsViewController.swift */,
				3BD79162289486EE00E1B8FD /* CoinTableViewCell.swift */,
				3B6D0BC72895884100B70804 /* DetailsViewController.swift */,
			);
			path = Controllers;
			sourceTree = "<group>";
		};
		3BD7915B28945A3E00E1B8FD /* WebServices */ = {
			isa = PBXGroup;
			children = (
				3BD7915C28945A7100E1B8FD /* WebServlce.swift */,
				3BD79164289492E700E1B8FD /* NetworkError.swift */,
			);
			path = WebServices;
			sourceTree = "<group>";
		};
		3BD7915E28945AE000E1B8FD /* Extensions */ = {
			isa = PBXGroup;
			children = (
				3BD791602894667C00E1B8FD /* UIViewExtension.swift */,
				3B0386AC2898989F00178FB8 /* UILabelExtension.swift */,
			);
			path = Extensions;
			sourceTree = "<group>";
		};
/* End PBXGroup section */

/* Begin PBXNativeTarget section */
		3BB50AA12894524800C69D4F /* CoinGecko_REST_API */ = {
			isa = PBXNativeTarget;
			buildConfigurationList = 3BB50AB62894524B00C69D4F /* Build configuration list for PBXNativeTarget "CoinGecko_REST_API" */;
			buildPhases = (
				3BB50A9E2894524800C69D4F /* Sources */,
				3BB50A9F2894524800C69D4F /* Frameworks */,
				3BB50AA02894524800C69D4F /* Resources */,
			);
			buildRules = (
			);
			dependencies = (
			);
			name = CoinGecko_REST_API;
			productName = CoinGecko_REST_API;
			productReference = 3BB50AA22894524800C69D4F /* CoinGecko_REST_API.app */;
			productType = "com.apple.product-type.application";
		};
/* End PBXNativeTarget section */

/* Begin PBXProject section */
		3BB50A9A2894524800C69D4F /* Project object */ = {
			isa = PBXProject;
			attributes = {
				BuildIndependentTargetsInParallel = 1;
				LastSwiftUpdateCheck = 1340;
				LastUpgradeCheck = 1340;
				TargetAttributes = {
					3BB50AA12894524800C69D4F = {
						CreatedOnToolsVersion = 13.4.1;
					};
				};
			};
			buildConfigurationList = 3BB50A9D2894524800C69D4F /* Build configuration list for PBXProject "CoinGecko_REST_API" */;
			compatibilityVersion = "Xcode 13.0";
			developmentRegion = en;
			hasScannedForEncodings = 0;
			knownRegions = (
				en,
				Base,
			);
			mainGroup = 3BB50A992894524800C69D4F;
			productRefGroup = 3BB50AA32894524800C69D4F /* Products */;
			projectDirPath = "";
			projectRoot = "";
			targets = (
				3BB50AA12894524800C69D4F /* CoinGecko_REST_API */,
			);
		};
/* End PBXProject section */

/* Begin PBXResourcesBuildPhase section */
		3BB50AA02894524800C69D4F /* Resources */ = {
			isa = PBXResourcesBuildPhase;
			buildActionMask = 2147483647;
			files = (
				3BB50AB22894524B00C69D4F /* LaunchScreen.storyboard in Resources */,
				3BB50AAF2894524B00C69D4F /* Assets.xcassets in Resources */,
			);
			runOnlyForDeploymentPostprocessing = 0;
		};
/* End PBXResourcesBuildPhase section */

/* Begin PBXSourcesBuildPhase section */
		3BB50A9E2894524800C69D4F /* Sources */ = {
			isa = PBXSourcesBuildPhase;
			buildActionMask = 2147483647;
			files = (
				3BD7915D28945A7100E1B8FD /* WebServlce.swift in Sources */,
				3BD79165289492E700E1B8FD /* NetworkError.swift in Sources */,
				3B0386AD2898989F00178FB8 /* UILabelExtension.swift in Sources */,
				3B6D0BC82895884100B70804 /* DetailsViewController.swift in Sources */,
				3BB50ABB289455A300C69D4F /* CoinsViewController.swift in Sources */,
				3BB50AA62894524800C69D4F /* AppDelegate.swift in Sources */,
				3BD7915A289458DB00E1B8FD /* Coin.swift in Sources */,
				3BD791612894667C00E1B8FD /* UIViewExtension.swift in Sources */,
				3BB50AA82894524800C69D4F /* SceneDelegate.swift in Sources */,
				3BD79163289486EE00E1B8FD /* CoinTableViewCell.swift in Sources */,
			);
			runOnlyForDeploymentPostprocessing = 0;
		};
/* End PBXSourcesBuildPhase section */

/* Begin PBXVariantGroup section */
		3BB50AB02894524B00C69D4F /* LaunchScreen.storyboard */ = {
			isa = PBXVariantGroup;
			children = (
				3BB50AB12894524B00C69D4F /* Base */,
			);
			name = LaunchScreen.storyboard;
			sourceTree = "<group>";
		};
/* End PBXVariantGroup section */

/* Begin XCBuildConfiguration section */
		3BB50AB42894524B00C69D4F /* Debug */ = {
			isa = XCBuildConfiguration;
			buildSettings = {
				ALWAYS_SEARCH_USER_PATHS = NO;
				CLANG_ANALYZER_NONNULL = YES;
				CLANG_ANALYZER_NUMBER_OBJECT_CONVERSION = YES_AGGRESSIVE;
				CLANG_CXX_LANGUAGE_STANDARD = "gnu++17";
				CLANG_ENABLE_MODULES = YES;
				CLANG_ENABLE_OBJC_ARC = YES;
				CLANG_ENABLE_OBJC_WEAK = YES;
				CLANG_WARN_BLOCK_CAPTURE_AUTORELEASING = YES;
				CLANG_WARN_BOOL_CONVERSION = YES;
				CLANG_WARN_COMMA = YES;
				CLANG_WARN_CONSTANT_CONVERSION = YES;
				CLANG_WARN_DEPRECATED_OBJC_IMPLEMENTATIONS = YES;
				CLANG_WARN_DIRECT_OBJC_ISA_USAGE = YES_ERROR;
				CLANG_WARN_DOCUMENTATION_COMMENTS = YES;
				CLANG_WARN_EMPTY_BODY = YES;
				CLANG_WARN_ENUM_CONVERSION = YES;
				CLANG_WARN_INFINITE_RECURSION = YES;
				CLANG_WARN_INT_CONVERSION = YES;
				CLANG_WARN_NON_LITERAL_NULL_CONVERSION = YES;
				CLANG_WARN_OBJC_IMPLICIT_RETAIN_SELF = YES;
				CLANG_WARN_OBJC_LITERAL_CONVERSION = YES;
				CLANG_WARN_OBJC_ROOT_CLASS = YES_ERROR;
				CLANG_WARN_QUOTED_INCLUDE_IN_FRAMEWORK_HEADER = YES;
				CLANG_WARN_RANGE_LOOP_ANALYSIS = YES;
				CLANG_WARN_STRICT_PROTOTYPES = YES;
				CLANG_WARN_SUSPICIOUS_MOVE = YES;
				CLANG_WARN_UNGUARDED_AVAILABILITY = YES_AGGRESSIVE;
				CLANG_WARN_UNREACHABLE_CODE = YES;
				CLANG_WARN__DUPLICATE_METHOD_MATCH = YES;
				COPY_PHASE_STRIP = NO;
				DEBUG_INFORMATION_FORMAT = dwarf;
				ENABLE_STRICT_OBJC_MSGSEND = YES;
				ENABLE_TESTABILITY = YES;
				GCC_C_LANGUAGE_STANDARD = gnu11;
				GCC_DYNAMIC_NO_PIC = NO;
				GCC_NO_COMMON_BLOCKS = YES;
				GCC_OPTIMIZATION_LEVEL = 0;
				GCC_PREPROCESSOR_DEFINITIONS = (
					"DEBUG=1",
					"$(inherited)",
				);
				GCC_WARN_64_TO_32_BIT_CONVERSION = YES;
				GCC_WARN_ABOUT_RETURN_TYPE = YES_ERROR;
				GCC_WARN_UNDECLARED_SELECTOR = YES;
				GCC_WARN_UNINITIALIZED_AUTOS = YES_AGGRESSIVE;
				GCC_WARN_UNUSED_FUNCTION = YES;
				GCC_WARN_UNUSED_VARIABLE = YES;
				IPHONEOS_DEPLOYMENT_TARGET = 15.5;
				MTL_ENABLE_DEBUG_INFO = INCLUDE_SOURCE;
				MTL_FAST_MATH = YES;
				ONLY_ACTIVE_ARCH = YES;
				SDKROOT = iphoneos;
				SWIFT_ACTIVE_COMPILATION_CONDITIONS = DEBUG;
				SWIFT_OPTIMIZATION_LEVEL = "-Onone";
			};
			name = Debug;
		};
		3BB50AB52894524B00C69D4F /* Release */ = {
			isa = XCBuildConfiguration;
			buildSettings = {
				ALWAYS_SEARCH_USER_PATHS = NO;
				CLANG_ANALYZER_NONNULL = YES;
				CLANG_ANALYZER_NUMBER_OBJECT_CONVERSION = YES_AGGRESSIVE;
				CLANG_CXX_LANGUAGE_STANDARD = "gnu++17";
				CLANG_ENABLE_MODULES = YES;
				CLANG_ENABLE_OBJC_ARC = YES;
				CLANG_ENABLE_OBJC_WEAK = YES;
				CLANG_WARN_BLOCK_CAPTURE_AUTORELEASING = YES;
				CLANG_WARN_BOOL_CONVERSION = YES;
				CLANG_WARN_COMMA = YES;
				CLANG_WARN_CONSTANT_CONVERSION = YES;
				CLANG_WARN_DEPRECATED_OBJC_IMPLEMENTATIONS = YES;
				CLANG_WARN_DIRECT_OBJC_ISA_USAGE = YES_ERROR;
				CLANG_WARN_DOCUMENTATION_COMMENTS = YES;
				CLANG_WARN_EMPTY_BODY = YES;
				CLANG_WARN_ENUM_CONVERSION = YES;
				CLANG_WARN_INFINITE_RECURSION = YES;
				CLANG_WARN_INT_CONVERSION = YES;
				CLANG_WARN_NON_LITERAL_NULL_CONVERSION = YES;
				CLANG_WARN_OBJC_IMPLICIT_RETAIN_SELF = YES;
				CLANG_WARN_OBJC_LITERAL_CONVERSION = YES;
				CLANG_WARN_OBJC_ROOT_CLASS = YES_ERROR;
				CLANG_WARN_QUOTED_INCLUDE_IN_FRAMEWORK_HEADER = YES;
				CLANG_WARN_RANGE_LOOP_ANALYSIS = YES;
				CLANG_WARN_STRICT_PROTOTYPES = YES;
				CLANG_WARN_SUSPICIOUS_MOVE = YES;
				CLANG_WARN_UNGUARDED_AVAILABILITY = YES_AGGRESSIVE;
				CLANG_WARN_UNREACHABLE_CODE = YES;
				CLANG_WARN__DUPLICATE_METHOD_MATCH = YES;
				COPY_PHASE_STRIP = NO;
				DEBUG_INFORMATION_FORMAT = "dwarf-with-dsym";
				ENABLE_NS_ASSERTIONS = NO;
				ENABLE_STRICT_OBJC_MSGSEND = YES;
				GCC_C_LANGUAGE_STANDARD = gnu11;
				GCC_NO_COMMON_BLOCKS = YES;
				GCC_WARN_64_TO_32_BIT_CONVERSION = YES;
				GCC_WARN_ABOUT_RETURN_TYPE = YES_ERROR;
				GCC_WARN_UNDECLARED_SELECTOR = YES;
				GCC_WARN_UNINITIALIZED_AUTOS = YES_AGGRESSIVE;
				GCC_WARN_UNUSED_FUNCTION = YES;
				GCC_WARN_UNUSED_VARIABLE = YES;
				IPHONEOS_DEPLOYMENT_TARGET = 15.5;
				MTL_ENABLE_DEBUG_INFO = NO;
				MTL_FAST_MATH = YES;
				SDKROOT = iphoneos;
				SWIFT_COMPILATION_MODE = wholemodule;
				SWIFT_OPTIMIZATION_LEVEL = "-O";
				VALIDATE_PRODUCT = YES;
			};
			name = Release;
		};
		3BB50AB72894524B00C69D4F /* Debug */ = {
			isa = XCBuildConfiguration;
			buildSettings = {
				ASSETCATALOG_COMPILER_APPICON_NAME = AppIcon;
				ASSETCATALOG_COMPILER_GLOBAL_ACCENT_COLOR_NAME = AccentColor;
				CODE_SIGN_STYLE = Automatic;
				CURRENT_PROJECT_VERSION = 1;
				DEVELOPMENT_TEAM = G3VP62JDQQ;
				GENERATE_INFOPLIST_FILE = YES;
				INFOPLIST_FILE = CoinGecko_REST_API/Resources/Info.plist;
				INFOPLIST_KEY_UIApplicationSupportsIndirectInputEvents = YES;
				INFOPLIST_KEY_UILaunchStoryboardName = LaunchScreen;
				INFOPLIST_KEY_UISupportedInterfaceOrientations = UIInterfaceOrientationPortrait;
				INFOPLIST_KEY_UISupportedInterfaceOrientations_iPad = "UIInterfaceOrientationPortrait UIInterfaceOrientationPortraitUpsideDown UIInterfaceOrientationLandscapeLeft UIInterfaceOrientationLandscapeRight";
				INFOPLIST_KEY_UISupportedInterfaceOrientations_iPhone = UIInterfaceOrientationPortrait;
				LD_RUNPATH_SEARCH_PATHS = (
					"$(inherited)",
					"@executable_path/Frameworks",
				);
				MARKETING_VERSION = 1.0;
				PRODUCT_BUNDLE_IDENTIFIER = "dmitriikim.CoinGecko-REST-API";
				PRODUCT_NAME = "$(TARGET_NAME)";
				SWIFT_EMIT_LOC_STRINGS = YES;
				SWIFT_VERSION = 5.0;
				TARGETED_DEVICE_FAMILY = 1;
			};
			name = Debug;
		};
		3BB50AB82894524B00C69D4F /* Release */ = {
			isa = XCBuildConfiguration;
			buildSettings = {
				ASSETCATALOG_COMPILER_APPICON_NAME = AppIcon;
				ASSETCATALOG_COMPILER_GLOBAL_ACCENT_COLOR_NAME = AccentColor;
				CODE_SIGN_STYLE = Automatic;
				CURRENT_PROJECT_VERSION = 1;
				DEVELOPMENT_TEAM = G3VP62JDQQ;
				GENERATE_INFOPLIST_FILE = YES;
				INFOPLIST_FILE = CoinGecko_REST_API/Resources/Info.plist;
				INFOPLIST_KEY_UIApplicationSupportsIndirectInputEvents = YES;
				INFOPLIST_KEY_UILaunchStoryboardName = LaunchScreen;
				INFOPLIST_KEY_UISupportedInterfaceOrientations = UIInterfaceOrientationPortrait;
				INFOPLIST_KEY_UISupportedInterfaceOrientations_iPad = "UIInterfaceOrientationPortrait UIInterfaceOrientationPortraitUpsideDown UIInterfaceOrientationLandscapeLeft UIInterfaceOrientationLandscapeRight";
				INFOPLIST_KEY_UISupportedInterfaceOrientations_iPhone = UIInterfaceOrientationPortrait;
				LD_RUNPATH_SEARCH_PATHS = (
					"$(inherited)",
					"@executable_path/Frameworks",
				);
				MARKETING_VERSION = 1.0;
				PRODUCT_BUNDLE_IDENTIFIER = "dmitriikim.CoinGecko-REST-API";
				PRODUCT_NAME = "$(TARGET_NAME)";
				SWIFT_EMIT_LOC_STRINGS = YES;
				SWIFT_VERSION = 5.0;
				TARGETED_DEVICE_FAMILY = 1;
			};
			name = Release;
		};
/* End XCBuildConfiguration section */

/* Begin XCConfigurationList section */
		3BB50A9D2894524800C69D4F /* Build configuration list for PBXProject "CoinGecko_REST_API" */ = {
			isa = XCConfigurationList;
			buildConfigurations = (
				3BB50AB42894524B00C69D4F /* Debug */,
				3BB50AB52894524B00C69D4F /* Release */,
			);
			defaultConfigurationIsVisible = 0;
			defaultConfigurationName = Release;
		};
		3BB50AB62894524B00C69D4F /* Build configuration list for PBXNativeTarget "CoinGecko_REST_API" */ = {
			isa = XCConfigurationList;
			buildConfigurations = (
				3BB50AB72894524B00C69D4F /* Debug */,
				3BB50AB82894524B00C69D4F /* Release */,
			);
			defaultConfigurationIsVisible = 0;
			defaultConfigurationName = Release;
		};
/* End XCConfigurationList section */
	};
	rootObject = 3BB50A9A2894524800C69D4F /* Project object */;
}
